
Microsoft Visual Studio Solution File, Format Version 12.00
# Visual Studio Version 16
VisualStudioVersion = 16.0.29409.12
MinimumVisualStudioVersion = 10.0.40219.1
Project("{FAE04EC0-301F-11D3-BF4B-00C04F79EFBC}") = "Server", "Server\Server.csproj", "{9882D387-E10E-4614-AD3B-B6C4CB5A4783}"
EndProject
Project("{FAE04EC0-301F-11D3-BF4B-00C04F79EFBC}") = "Client", "Client\Client.csproj", "{027D6C06-2145-486A-97F2-6A6024255C36}"
EndProject
Global
	GlobalSection(SolutionConfigurationPlatforms) = preSolution
		Debug|Any CPU = Debug|Any CPU
		Release|Any CPU = Release|Any CPU
	EndGlobalSection
	GlobalSection(ProjectConfigurationPlatforms) = postSolution
		{9882D387-E10E-4614-AD3B-B6C4CB5A4783}.Debug|Any CPU.ActiveCfg = Debug|Any CPU
		{9882D387-E10E-4614-AD3B-B6C4CB5A4783}.Debug|Any CPU.Build.0 = Debug|Any CPU
		{9882D387-E10E-4614-AD3B-B6C4CB5A4783}.Release|Any CPU.ActiveCfg = Release|Any CPU
		{9882D387-E10E-4614-AD3B-B6C4CB5A4783}.Release|Any CPU.Build.0 = Release|Any CPU
		{027D6C06-2145-486A-97F2-6A6024255C36}.Debug|Any CPU.ActiveCfg = Debug|Any CPU
		{027D6C06-2145-486A-97F2-6A6024255C36}.Debug|Any CPU.Build.0 = Debug|Any CPU
		{027D6C06-2145-486A-97F2-6A6024255C36}.Release|Any CPU.ActiveCfg = Release|Any CPU
		{027D6C06-2145-486A-97F2-6A6024255C36}.Release|Any CPU.Build.0 = Release|Any CPU
	EndGlobalSection
	GlobalSection(SolutionProperties) = preSolution
		HideSolutionNode = FALSE
	EndGlobalSection
	GlobalSection(ExtensibilityGlobals) = postSolution
		SolutionGuid = {A4DC8E21-2446-4CDC-9682-E0DFF146EB9D}
	EndGlobalSection
EndGlobal
